// !$*UTF8*$!
{
	archiveVersion = 1;
	classes = {
	};
	objectVersion = 46;
	objects = {

/* Begin PBXBuildFile section */
		F12A01EE1C2FB0D700CFE1B9 /* AppDelegate.swift in Sources */ = {isa = PBXBuildFile; fileRef = F12A01ED1C2FB0D700CFE1B9 /* AppDelegate.swift */; };
		F12A01F01C2FB0D700CFE1B9 /* Assets.xcassets in Resources */ = {isa = PBXBuildFile; fileRef = F12A01EF1C2FB0D700CFE1B9 /* Assets.xcassets */; };
		F12A01F31C2FB0D700CFE1B9 /* MainMenu.xib in Resources */ = {isa = PBXBuildFile; fileRef = F12A01F11C2FB0D700CFE1B9 /* MainMenu.xib */; };
		F12A01FB1C2FB0FE00CFE1B9 /* LunarCalendarView.swift in Sources */ = {isa = PBXBuildFile; fileRef = F12A01FA1C2FB0FE00CFE1B9 /* LunarCalendarView.swift */; };
		F14177961C31666F0006AF58 /* LunarSolarConverter.swift in Sources */ = {isa = PBXBuildFile; fileRef = F14177951C31666F0006AF58 /* LunarSolarConverter.swift */; };
		F1BC443C1C30CEB2005BADF0 /* LunarCalendarView.xib in Resources */ = {isa = PBXBuildFile; fileRef = F1BC443A1C30CEB2005BADF0 /* LunarCalendarView.xib */; };
		F1BC443E1C31023F005BADF0 /* CalendarTemplate.png in Resources */ = {isa = PBXBuildFile; fileRef = F1BC443D1C31023F005BADF0 /* CalendarTemplate.png */; };
/* End PBXBuildFile section */

/* Begin PBXFileReference section */
		F12A01EA1C2FB0D700CFE1B9 /* LunarCalendarDemo.app */ = {isa = PBXFileReference; explicitFileType = wrapper.application; includeInIndex = 0; path = LunarCalendarDemo.app; sourceTree = BUILT_PRODUCTS_DIR; };
		F12A01ED1C2FB0D700CFE1B9 /* AppDelegate.swift */ = {isa = PBXFileReference; lastKnownFileType = sourcecode.swift; path = AppDelegate.swift; sourceTree = "<group>"; };
		F12A01EF1C2FB0D700CFE1B9 /* Assets.xcassets */ = {isa = PBXFileReference; lastKnownFileType = folder.assetcatalog; name = Assets.xcassets; path = LunarCalendarDemo/Assets.xcassets; sourceTree = "<group>"; };
		F12A01F21C2FB0D700CFE1B9 /* Base */ = {isa = PBXFileReference; lastKnownFileType = file.xib; name = Base; path = Base.lproj/MainMenu.xib; sourceTree = "<group>"; };
		F12A01F41C2FB0D700CFE1B9 /* Info.plist */ = {isa = PBXFileReference; lastKnownFileType = text.plist.xml; name = Info.plist; path = LunarCalendarDemo/Info.plist; sourceTree = "<group>"; };
		F12A01FA1C2FB0FE00CFE1B9 /* LunarCalendarView.swift */ = {isa = PBXFileReference; fileEncoding = 4; lastKnownFileType = sourcecode.swift; path = LunarCalendarView.swift; sourceTree = "<group>"; };
		F14177951C31666F0006AF58 /* LunarSolarConverter.swift */ = {isa = PBXFileReference; fileEncoding = 4; lastKnownFileType = sourcecode.swift; path = LunarSolarConverter.swift; sourceTree = "<group>"; };
		F1BC443A1C30CEB2005BADF0 /* LunarCalendarView.xib */ = {isa = PBXFileReference; fileEncoding = 4; lastKnownFileType = file.xib; path = LunarCalendarView.xib; sourceTree = "<group>"; };
		F1BC443D1C31023F005BADF0 /* CalendarTemplate.png */ = {isa = PBXFileReference; lastKnownFileType = image.png; name = CalendarTemplate.png; path = LunarCalendarDemo/CalendarTemplate.png; sourceTree = "<group>"; };
/* End PBXFileReference section */

/* Begin PBXFrameworksBuildPhase section */
		F12A01E71C2FB0D700CFE1B9 /* Frameworks */ = {
			isa = PBXFrameworksBuildPhase;
			buildActionMask = 2147483647;
			files = (
			);
			runOnlyForDeploymentPostprocessing = 0;
		};
/* End PBXFrameworksBuildPhase section */

/* Begin PBXGroup section */
		F12A01E11C2FB0D700CFE1B9 = {
			isa = PBXGroup;
			children = (
				F12A01EC1C2FB0D700CFE1B9 /* LunarCalendarDemo */,
				F12A01EB1C2FB0D700CFE1B9 /* Products */,
			);
			sourceTree = "<group>";
		};
		F12A01EB1C2FB0D700CFE1B9 /* Products */ = {
			isa = PBXGroup;
			children = (
				F12A01EA1C2FB0D700CFE1B9 /* LunarCalendarDemo.app */,
			);
			name = Products;
			sourceTree = "<group>";
		};
		F12A01EC1C2FB0D700CFE1B9 /* LunarCalendarDemo */ = {
			isa = PBXGroup;
			children = (
				F1A0BCF81C32560400DF912F /* LunarCalendar */,
				F12A01F11C2FB0D700CFE1B9 /* MainMenu.xib */,
				F12A01ED1C2FB0D700CFE1B9 /* AppDelegate.swift */,
				F1BC443F1C310667005BADF0 /* Supporting Files */,
			);
			path = LunarCalendarDemo;
			sourceTree = "<group>";
		};
		F1A0BCF81C32560400DF912F /* LunarCalendar */ = {
			isa = PBXGroup;
			children = (
				F14177951C31666F0006AF58 /* LunarSolarConverter.swift */,
				F12A01FA1C2FB0FE00CFE1B9 /* LunarCalendarView.swift */,
				F1BC443A1C30CEB2005BADF0 /* LunarCalendarView.xib */,
			);
			name = LunarCalendar;
			sourceTree = "<group>";
		};
		F1BC443F1C310667005BADF0 /* Supporting Files */ = {
			isa = PBXGroup;
			children = (
				F1BC443D1C31023F005BADF0 /* CalendarTemplate.png */,
				F12A01EF1C2FB0D700CFE1B9 /* Assets.xcassets */,
				F12A01F41C2FB0D700CFE1B9 /* Info.plist */,
			);
			name = "Supporting Files";
			path = ..;
			sourceTree = "<group>";
		};
/* End PBXGroup section */

/* Begin PBXNativeTarget section */
		F12A01E91C2FB0D700CFE1B9 /* LunarCalendarDemo */ = {
			isa = PBXNativeTarget;
			buildConfigurationList = F12A01F71C2FB0D700CFE1B9 /* Build configuration list for PBXNativeTarget "LunarCalendarDemo" */;
			buildPhases = (
				F12A01E61C2FB0D700CFE1B9 /* Sources */,
				F12A01E71C2FB0D700CFE1B9 /* Frameworks */,
				F12A01E81C2FB0D700CFE1B9 /* Resources */,
			);
			buildRules = (
			);
			dependencies = (
			);
			name = LunarCalendarDemo;
			productName = LunarCalendarDemo;
			productReference = F12A01EA1C2FB0D700CFE1B9 /* LunarCalendarDemo.app */;
			productType = "com.apple.product-type.application";
		};
/* End PBXNativeTarget section */

/* Begin PBXProject section */
		F12A01E21C2FB0D700CFE1B9 /* Project object */ = {
			isa = PBXProject;
			attributes = {
				LastSwiftUpdateCheck = 0710;
				LastUpgradeCheck = 0710;
				ORGANIZATIONNAME = fancy;
				TargetAttributes = {
					F12A01E91C2FB0D700CFE1B9 = {
						CreatedOnToolsVersion = 7.1.1;
					};
				};
			};
			buildConfigurationList = F12A01E51C2FB0D700CFE1B9 /* Build configuration list for PBXProject "LunarCalendarDemo" */;
			compatibilityVersion = "Xcode 3.2";
			developmentRegion = English;
			hasScannedForEncodings = 0;
			knownRegions = (
				en,
				Base,
			);
			mainGroup = F12A01E11C2FB0D700CFE1B9;
			productRefGroup = F12A01EB1C2FB0D700CFE1B9 /* Products */;
			projectDirPath = "";
			projectRoot = "";
			targets = (
				F12A01E91C2FB0D700CFE1B9 /* LunarCalendarDemo */,
			);
		};
/* End PBXProject section */

/* Begin PBXResourcesBuildPhase section */
		F12A01E81C2FB0D700CFE1B9 /* Resources */ = {
			isa = PBXResourcesBuildPhase;
			buildActionMask = 2147483647;
			files = (
				F12A01F01C2FB0D700CFE1B9 /* Assets.xcassets in Resources */,
				F1BC443E1C31023F005BADF0 /* CalendarTemplate.png in Resources */,
				F1BC443C1C30CEB2005BADF0 /* LunarCalendarView.xib in Resources */,
				F12A01F31C2FB0D700CFE1B9 /* MainMenu.xib in Resources */,
			);
			runOnlyForDeploymentPostprocessing = 0;
		};
/* End PBXResourcesBuildPhase section */

/* Begin PBXSourcesBuildPhase section */
		F12A01E61C2FB0D700CFE1B9 /* Sources */ = {
			isa = PBXSourcesBuildPhase;
			buildActionMask = 2147483647;
			files = (
				F12A01EE1C2FB0D700CFE1B9 /* AppDelegate.swift in Sources */,
				F12A01FB1C2FB0FE00CFE1B9 /* LunarCalendarView.swift in Sources */,
				F14177961C31666F0006AF58 /* LunarSolarConverter.swift in Sources */,
			);
			runOnlyForDeploymentPostprocessing = 0;
		};
/* End PBXSourcesBuildPhase section */

/* Begin PBXVariantGroup section */
		F12A01F11C2FB0D700CFE1B9 /* MainMenu.xib */ = {
			isa = PBXVariantGroup;
			children = (
				F12A01F21C2FB0D700CFE1B9 /* Base */,
			);
			name = MainMenu.xib;
			sourceTree = "<group>";
		};
/* End PBXVariantGroup section */

/* Begin XCBuildConfiguration section */
		F12A01F51C2FB0D700CFE1B9 /* Debug */ = {
			isa = XCBuildConfiguration;
			buildSettings = {
				ALWAYS_SEARCH_USER_PATHS = NO;
				CLANG_CXX_LANGUAGE_STANDARD = "gnu++0x";
				CLANG_CXX_LIBRARY = "libc++";
				CLANG_ENABLE_MODULES = YES;
				CLANG_ENABLE_OBJC_ARC = YES;
				CLANG_WARN_BOOL_CONVERSION = YES;
				CLANG_WARN_CONSTANT_CONVERSION = YES;
				CLANG_WARN_DIRECT_OBJC_ISA_USAGE = YES_ERROR;
				CLANG_WARN_EMPTY_BODY = YES;
				CLANG_WARN_ENUM_CONVERSION = YES;
				CLANG_WARN_INT_CONVERSION = YES;
				CLANG_WARN_OBJC_ROOT_CLASS = YES_ERROR;
				CLANG_WARN_UNREACHABLE_CODE = YES;
				CLANG_WARN__DUPLICATE_METHOD_MATCH = YES;
				CODE_SIGN_IDENTITY = "-";
				COPY_PHASE_STRIP = NO;
				DEBUG_INFORMATION_FORMAT = dwarf;
				ENABLE_STRICT_OBJC_MSGSEND = YES;
				ENABLE_TESTABILITY = YES;
				GCC_C_LANGUAGE_STANDARD = gnu99;
				GCC_DYNAMIC_NO_PIC = NO;
				GCC_NO_COMMON_BLOCKS = YES;
				GCC_OPTIMIZATION_LEVEL = 0;
				GCC_PREPROCESSOR_DEFINITIONS = (
					"DEBUG=1",
					"$(inherited)",
				);
				GCC_WARN_64_TO_32_BIT_CONVERSION = YES;
				GCC_WARN_ABOUT_RETURN_TYPE = YES_ERROR;
				GCC_WARN_UNDECLARED_SELECTOR = YES;
				GCC_WARN_UNINITIALIZED_AUTOS = YES_AGGRESSIVE;
				GCC_WARN_UNUSED_FUNCTION = YES;
				GCC_WARN_UNUSED_VARIABLE = YES;
				MACOSX_DEPLOYMENT_TARGET = 10.11;
				MTL_ENABLE_DEBUG_INFO = YES;
				ONLY_ACTIVE_ARCH = YES;
				SDKROOT = macosx;
				SWIFT_OPTIMIZATION_LEVEL = "-Onone";
			};
			name = Debug;
		};
		F12A01F61C2FB0D700CFE1B9 /* Release */ = {
			isa = XCBuildConfiguration;
			buildSettings = {
				ALWAYS_SEARCH_USER_PATHS = NO;
				CLANG_CXX_LANGUAGE_STANDARD = "gnu++0x";
				CLANG_CXX_LIBRARY = "libc++";
				CLANG_ENABLE_MODULES = YES;
				CLANG_ENABLE_OBJC_ARC = YES;
				CLANG_WARN_BOOL_CONVERSION = YES;
				CLANG_WARN_CONSTANT_CONVERSION = YES;
				CLANG_WARN_DIRECT_OBJC_ISA_USAGE = YES_ERROR;
				CLANG_WARN_EMPTY_BODY = YES;
				CLANG_WARN_ENUM_CONVERSION = YES;
				CLANG_WARN_INT_CONVERSION = YES;
				CLANG_WARN_OBJC_ROOT_CLASS = YES_ERROR;
				CLANG_WARN_UNREACHABLE_CODE = YES;
				CLANG_WARN__DUPLICATE_METHOD_MATCH = YES;
				CODE_SIGN_IDENTITY = "-";
				COPY_PHASE_STRIP = NO;
				DEBUG_INFORMATION_FORMAT = "dwarf-with-dsym";
				ENABLE_NS_ASSERTIONS = NO;
				ENABLE_STRICT_OBJC_MSGSEND = YES;
				GCC_C_LANGUAGE_STANDARD = gnu99;
				GCC_NO_COMMON_BLOCKS = YES;
				GCC_WARN_64_TO_32_BIT_CONVERSION = YES;
				GCC_WARN_ABOUT_RETURN_TYPE = YES_ERROR;
				GCC_WARN_UNDECLARED_SELECTOR = YES;
				GCC_WARN_UNINITIALIZED_AUTOS = YES_AGGRESSIVE;
				GCC_WARN_UNUSED_FUNCTION = YES;
				GCC_WARN_UNUSED_VARIABLE = YES;
				MACOSX_DEPLOYMENT_TARGET = 10.11;
				MTL_ENABLE_DEBUG_INFO = NO;
				SDKROOT = macosx;
			};
			name = Release;
		};
		F12A01F81C2FB0D700CFE1B9 /* Debug */ = {
			isa = XCBuildConfiguration;
			buildSettings = {
				ASSETCATALOG_COMPILER_APPICON_NAME = AppIcon;
				COMBINE_HIDPI_IMAGES = YES;
				INFOPLIST_FILE = LunarCalendarDemo/Info.plist;
				LD_RUNPATH_SEARCH_PATHS = "$(inherited) @executable_path/../Frameworks";
				PRODUCT_BUNDLE_IDENTIFIER = fancymax.LunarCalendarDemo;
				PRODUCT_NAME = "$(TARGET_NAME)";
			};
			name = Debug;
		};
		F12A01F91C2FB0D700CFE1B9 /* Release */ = {
			isa = XCBuildConfiguration;
			buildSettings = {
				ASSETCATALOG_COMPILER_APPICON_NAME = AppIcon;
				COMBINE_HIDPI_IMAGES = YES;
				INFOPLIST_FILE = LunarCalendarDemo/Info.plist;
				LD_RUNPATH_SEARCH_PATHS = "$(inherited) @executable_path/../Frameworks";
				PRODUCT_BUNDLE_IDENTIFIER = fancymax.LunarCalendarDemo;
				PRODUCT_NAME = "$(TARGET_NAME)";
			};
			name = Release;
		};
/* End XCBuildConfiguration section */

/* Begin XCConfigurationList section */
		F12A01E51C2FB0D700CFE1B9 /* Build configuration list for PBXProject "LunarCalendarDemo" */ = {
			isa = XCConfigurationList;
			buildConfigurations = (
				F12A01F51C2FB0D700CFE1B9 /* Debug */,
				F12A01F61C2FB0D700CFE1B9 /* Release */,
			);
			defaultConfigurationIsVisible = 0;
			defaultConfigurationName = Release;
		};
		F12A01F71C2FB0D700CFE1B9 /* Build configuration list for PBXNativeTarget "LunarCalendarDemo" */ = {
			isa = XCConfigurationList;
			buildConfigurations = (
				F12A01F81C2FB0D700CFE1B9 /* Debug */,
				F12A01F91C2FB0D700CFE1B9 /* Release */,
			);
			defaultConfigurationIsVisible = 0;
			defaultConfigurationName = Release;
		};
/* End XCConfigurationList section */
	};
	rootObject = F12A01E21C2FB0D700CFE1B9 /* Project object */;
}
